// !$*UTF8*$!
{
	archiveVersion = 1;
	classes = {
	};
	objectVersion = 46;
	objects = {

/* Begin PBXBuildFile section */
		1548557A1DAEB305003807DF /* AppDelegate.swift in Sources */ = {isa = PBXBuildFile; fileRef = 154855791DAEB305003807DF /* AppDelegate.swift */; };
		1548557F1DAEB305003807DF /* Main.storyboard in Resources */ = {isa = PBXBuildFile; fileRef = 1548557D1DAEB305003807DF /* Main.storyboard */; };
		154855811DAEB305003807DF /* Assets.xcassets in Resources */ = {isa = PBXBuildFile; fileRef = 154855801DAEB305003807DF /* Assets.xcassets */; };
		154855841DAEB305003807DF /* LaunchScreen.storyboard in Resources */ = {isa = PBXBuildFile; fileRef = 154855821DAEB305003807DF /* LaunchScreen.storyboard */; };
		1548558C1DAEB33B003807DF /* Quote.swift in Sources */ = {isa = PBXBuildFile; fileRef = 1548558B1DAEB33B003807DF /* Quote.swift */; };
		15672C3E1DAEBDDE0025F9DF /* TableViewController.swift in Sources */ = {isa = PBXBuildFile; fileRef = 15672C3D1DAEBDDE0025F9DF /* TableViewController.swift */; };
		15672C461DAEC0060025F9DF /* QuoteView.swift in Sources */ = {isa = PBXBuildFile; fileRef = 15672C451DAEC0060025F9DF /* QuoteView.swift */; };
		15672C481DAEC0260025F9DF /* QuoteView.xib in Resources */ = {isa = PBXBuildFile; fileRef = 15672C471DAEC0260025F9DF /* QuoteView.xib */; };
		15672C4A1DAEC34C0025F9DF /* TableViewCell.swift in Sources */ = {isa = PBXBuildFile; fileRef = 15672C491DAEC34C0025F9DF /* TableViewCell.swift */; };
		15672C4E1DAEDD790025F9DF /* ViewController.swift in Sources */ = {isa = PBXBuildFile; fileRef = 15672C4D1DAEDD790025F9DF /* ViewController.swift */; };
		BD8A8BE45D2AED5367193F61 /* Pods_QuotePro.framework in Frameworks */ = {isa = PBXBuildFile; fileRef = A6F396DEFD84D4F2772A13BC /* Pods_QuotePro.framework */; };
/* End PBXBuildFile section */

/* Begin PBXFileReference section */
		154855761DAEB305003807DF /* QuotePro.app */ = {isa = PBXFileReference; explicitFileType = wrapper.application; includeInIndex = 0; path = QuotePro.app; sourceTree = BUILT_PRODUCTS_DIR; };
		154855791DAEB305003807DF /* AppDelegate.swift */ = {isa = PBXFileReference; lastKnownFileType = sourcecode.swift; path = AppDelegate.swift; sourceTree = "<group>"; };
		1548557E1DAEB305003807DF /* Base */ = {isa = PBXFileReference; lastKnownFileType = file.storyboard; name = Base; path = Base.lproj/Main.storyboard; sourceTree = "<group>"; };
		154855801DAEB305003807DF /* Assets.xcassets */ = {isa = PBXFileReference; lastKnownFileType = folder.assetcatalog; path = Assets.xcassets; sourceTree = "<group>"; };
		154855831DAEB305003807DF /* Base */ = {isa = PBXFileReference; lastKnownFileType = file.storyboard; name = Base; path = Base.lproj/LaunchScreen.storyboard; sourceTree = "<group>"; };
		154855851DAEB305003807DF /* Info.plist */ = {isa = PBXFileReference; lastKnownFileType = text.plist.xml; path = Info.plist; sourceTree = "<group>"; };
		1548558B1DAEB33B003807DF /* Quote.swift */ = {isa = PBXFileReference; fileEncoding = 4; lastKnownFileType = sourcecode.swift; name = Quote.swift; path = ../Quote.swift; sourceTree = "<group>"; };
		15672C3D1DAEBDDE0025F9DF /* TableViewController.swift */ = {isa = PBXFileReference; fileEncoding = 4; lastKnownFileType = sourcecode.swift; path = TableViewController.swift; sourceTree = "<group>"; };
		15672C451DAEC0060025F9DF /* QuoteView.swift */ = {isa = PBXFileReference; fileEncoding = 4; lastKnownFileType = sourcecode.swift; path = QuoteView.swift; sourceTree = "<group>"; };
		15672C471DAEC0260025F9DF /* QuoteView.xib */ = {isa = PBXFileReference; fileEncoding = 4; lastKnownFileType = file.xib; path = QuoteView.xib; sourceTree = "<group>"; };
		15672C491DAEC34C0025F9DF /* TableViewCell.swift */ = {isa = PBXFileReference; fileEncoding = 4; lastKnownFileType = sourcecode.swift; path = TableViewCell.swift; sourceTree = "<group>"; };
		15672C4D1DAEDD790025F9DF /* ViewController.swift */ = {isa = PBXFileReference; fileEncoding = 4; lastKnownFileType = sourcecode.swift; path = ViewController.swift; sourceTree = "<group>"; };
		31353A712EC5CDFF0C424EE0 /* Pods-QuotePro.release.xcconfig */ = {isa = PBXFileReference; includeInIndex = 1; lastKnownFileType = text.xcconfig; name = "Pods-QuotePro.release.xcconfig"; path = "Pods/Target Support Files/Pods-QuotePro/Pods-QuotePro.release.xcconfig"; sourceTree = "<group>"; };
		A67E065C028682F08C3BCC6D /* Pods-QuotePro.debug.xcconfig */ = {isa = PBXFileReference; includeInIndex = 1; lastKnownFileType = text.xcconfig; name = "Pods-QuotePro.debug.xcconfig"; path = "Pods/Target Support Files/Pods-QuotePro/Pods-QuotePro.debug.xcconfig"; sourceTree = "<group>"; };
		A6F396DEFD84D4F2772A13BC /* Pods_QuotePro.framework */ = {isa = PBXFileReference; explicitFileType = wrapper.framework; includeInIndex = 0; path = Pods_QuotePro.framework; sourceTree = BUILT_PRODUCTS_DIR; };
/* End PBXFileReference section */

/* Begin PBXFrameworksBuildPhase section */
		154855731DAEB305003807DF /* Frameworks */ = {
			isa = PBXFrameworksBuildPhase;
			buildActionMask = 2147483647;
			files = (
				BD8A8BE45D2AED5367193F61 /* Pods_QuotePro.framework in Frameworks */,
			);
			runOnlyForDeploymentPostprocessing = 0;
		};
/* End PBXFrameworksBuildPhase section */

/* Begin PBXGroup section */
		02C3337505B00C2C16F04943 /* Pods */ = {
			isa = PBXGroup;
			children = (
				A67E065C028682F08C3BCC6D /* Pods-QuotePro.debug.xcconfig */,
				31353A712EC5CDFF0C424EE0 /* Pods-QuotePro.release.xcconfig */,
			);
			name = Pods;
			sourceTree = "<group>";
		};
		1548556D1DAEB305003807DF = {
			isa = PBXGroup;
			children = (
				154855781DAEB305003807DF /* QuotePro */,
				154855771DAEB305003807DF /* Products */,
				02C3337505B00C2C16F04943 /* Pods */,
				1A39BD19E5029F50C3EE7055 /* Frameworks */,
			);
			sourceTree = "<group>";
		};
		154855771DAEB305003807DF /* Products */ = {
			isa = PBXGroup;
			children = (
				154855761DAEB305003807DF /* QuotePro.app */,
			);
			name = Products;
			sourceTree = "<group>";
		};
		154855781DAEB305003807DF /* QuotePro */ = {
			isa = PBXGroup;
			children = (
				154855791DAEB305003807DF /* AppDelegate.swift */,
				15672C3D1DAEBDDE0025F9DF /* TableViewController.swift */,
				15672C4D1DAEDD790025F9DF /* ViewController.swift */,
				15672C491DAEC34C0025F9DF /* TableViewCell.swift */,
				1548558B1DAEB33B003807DF /* Quote.swift */,
				15672C451DAEC0060025F9DF /* QuoteView.swift */,
				15672C471DAEC0260025F9DF /* QuoteView.xib */,
				1548557D1DAEB305003807DF /* Main.storyboard */,
				154855801DAEB305003807DF /* Assets.xcassets */,
				154855821DAEB305003807DF /* LaunchScreen.storyboard */,
				154855851DAEB305003807DF /* Info.plist */,
			);
			path = QuotePro;
			sourceTree = "<group>";
		};
		1A39BD19E5029F50C3EE7055 /* Frameworks */ = {
			isa = PBXGroup;
			children = (
				A6F396DEFD84D4F2772A13BC /* Pods_QuotePro.framework */,
			);
			name = Frameworks;
			sourceTree = "<group>";
		};
/* End PBXGroup section */

/* Begin PBXNativeTarget section */
		154855751DAEB305003807DF /* QuotePro */ = {
			isa = PBXNativeTarget;
			buildConfigurationList = 154855881DAEB305003807DF /* Build configuration list for PBXNativeTarget "QuotePro" */;
			buildPhases = (
				04194375D9D6A0AAEEA04969 /* [CP] Check Pods Manifest.lock */,
				154855721DAEB305003807DF /* Sources */,
				154855731DAEB305003807DF /* Frameworks */,
				154855741DAEB305003807DF /* Resources */,
				82099ED329618FC5B375DA3F /* [CP] Embed Pods Frameworks */,
				1CF146FE73F8BDADB75CEF33 /* [CP] Copy Pods Resources */,
			);
			buildRules = (
			);
			dependencies = (
			);
			name = QuotePro;
			productName = QuotePro;
			productReference = 154855761DAEB305003807DF /* QuotePro.app */;
			productType = "com.apple.product-type.application";
		};
/* End PBXNativeTarget section */

/* Begin PBXProject section */
		1548556E1DAEB305003807DF /* Project object */ = {
			isa = PBXProject;
			attributes = {
				LastSwiftUpdateCheck = 0800;
				LastUpgradeCheck = 0800;
				ORGANIZATIONNAME = "Philip Ha";
				TargetAttributes = {
					154855751DAEB305003807DF = {
						CreatedOnToolsVersion = 8.0;
						DevelopmentTeam = B9P6859THW;
						ProvisioningStyle = Automatic;
					};
				};
			};
			buildConfigurationList = 154855711DAEB305003807DF /* Build configuration list for PBXProject "QuotePro" */;
			compatibilityVersion = "Xcode 3.2";
			developmentRegion = English;
			hasScannedForEncodings = 0;
			knownRegions = (
				en,
				Base,
			);
			mainGroup = 1548556D1DAEB305003807DF;
			productRefGroup = 154855771DAEB305003807DF /* Products */;
			projectDirPath = "";
			projectRoot = "";
			targets = (
				154855751DAEB305003807DF /* QuotePro */,
			);
		};
/* End PBXProject section */

/* Begin PBXResourcesBuildPhase section */
		154855741DAEB305003807DF /* Resources */ = {
			isa = PBXResourcesBuildPhase;
			buildActionMask = 2147483647;
			files = (
				15672C481DAEC0260025F9DF /* QuoteView.xib in Resources */,
				154855841DAEB305003807DF /* LaunchScreen.storyboard in Resources */,
				154855811DAEB305003807DF /* Assets.xcassets in Resources */,
				1548557F1DAEB305003807DF /* Main.storyboard in Resources */,
			);
			runOnlyForDeploymentPostprocessing = 0;
		};
/* End PBXResourcesBuildPhase section */

/* Begin PBXShellScriptBuildPhase section */
		04194375D9D6A0AAEEA04969 /* [CP] Check Pods Manifest.lock */ = {
			isa = PBXShellScriptBuildPhase;
			buildActionMask = 2147483647;
			files = (
			);
			inputPaths = (
			);
			name = "[CP] Check Pods Manifest.lock";
			outputPaths = (
			);
			runOnlyForDeploymentPostprocessing = 0;
			shellPath = /bin/sh;
			shellScript = "diff \"${PODS_ROOT}/../Podfile.lock\" \"${PODS_ROOT}/Manifest.lock\" > /dev/null\nif [ $? != 0 ] ; then\n    # print error to STDERR\n    echo \"error: The sandbox is not in sync with the Podfile.lock. Run 'pod install' or update your CocoaPods installation.\" >&2\n    exit 1\nfi\n";
			showEnvVarsInLog = 0;
		};
		1CF146FE73F8BDADB75CEF33 /* [CP] Copy Pods Resources */ = {
			isa = PBXShellScriptBuildPhase;
			buildActionMask = 2147483647;
			files = (
			);
			inputPaths = (
			);
			name = "[CP] Copy Pods Resources";
			outputPaths = (
			);
			runOnlyForDeploymentPostprocessing = 0;
			shellPath = /bin/sh;
			shellScript = "\"${SRCROOT}/Pods/Target Support Files/Pods-QuotePro/Pods-QuotePro-resources.sh\"\n";
			showEnvVarsInLog = 0;
		};
		82099ED329618FC5B375DA3F /* [CP] Embed Pods Frameworks */ = {
			isa = PBXShellScriptBuildPhase;
			buildActionMask = 2147483647;
			files = (
			);
			inputPaths = (
			);
			name = "[CP] Embed Pods Frameworks";
			outputPaths = (
			);
			runOnlyForDeploymentPostprocessing = 0;
			shellPath = /bin/sh;
			shellScript = "\"${SRCROOT}/Pods/Target Support Files/Pods-QuotePro/Pods-QuotePro-frameworks.sh\"\n";
			showEnvVarsInLog = 0;
		};
/* End PBXShellScriptBuildPhase section */

/* Begin PBXSourcesBuildPhase section */
		154855721DAEB305003807DF /* Sources */ = {
			isa = PBXSourcesBuildPhase;
			buildActionMask = 2147483647;
			files = (
				15672C3E1DAEBDDE0025F9DF /* TableViewController.swift in Sources */,
				15672C461DAEC0060025F9DF /* QuoteView.swift in Sources */,
				1548558C1DAEB33B003807DF /* Quote.swift in Sources */,
				15672C4A1DAEC34C0025F9DF /* TableViewCell.swift in Sources */,
				15672C4E1DAEDD790025F9DF /* ViewController.swift in Sources */,
				1548557A1DAEB305003807DF /* AppDelegate.swift in Sources */,
			);
			runOnlyForDeploymentPostprocessing = 0;
		};
/* End PBXSourcesBuildPhase section */

/* Begin PBXVariantGroup section */
		1548557D1DAEB305003807DF /* Main.storyboard */ = {
			isa = PBXVariantGroup;
			children = (
				1548557E1DAEB305003807DF /* Base */,
			);
			name = Main.storyboard;
			sourceTree = "<group>";
		};
		154855821DAEB305003807DF /* LaunchScreen.storyboard */ = {
			isa = PBXVariantGroup;
			children = (
				154855831DAEB305003807DF /* Base */,
			);
			name = LaunchScreen.storyboard;
			sourceTree = "<group>";
		};
/* End PBXVariantGroup section */

/* Begin XCBuildConfiguration section */
		154855861DAEB305003807DF /* Debug */ = {
			isa = XCBuildConfiguration;
			buildSettings = {
				ALWAYS_SEARCH_USER_PATHS = NO;
				CLANG_ANALYZER_NONNULL = YES;
				CLANG_CXX_LANGUAGE_STANDARD = "gnu++0x";
				CLANG_CXX_LIBRARY = "libc++";
				CLANG_ENABLE_MODULES = YES;
				CLANG_ENABLE_OBJC_ARC = YES;
				CLANG_WARN_BOOL_CONVERSION = YES;
				CLANG_WARN_CONSTANT_CONVERSION = YES;
				CLANG_WARN_DIRECT_OBJC_ISA_USAGE = YES_ERROR;
				CLANG_WARN_DOCUMENTATION_COMMENTS = YES;
				CLANG_WARN_EMPTY_BODY = YES;
				CLANG_WARN_ENUM_CONVERSION = YES;
				CLANG_WARN_INFINITE_RECURSION = YES;
				CLANG_WARN_INT_CONVERSION = YES;
				CLANG_WARN_OBJC_ROOT_CLASS = YES_ERROR;
				CLANG_WARN_SUSPICIOUS_MOVES = YES;
				CLANG_WARN_UNREACHABLE_CODE = YES;
				CLANG_WARN__DUPLICATE_METHOD_MATCH = YES;
				"CODE_SIGN_IDENTITY[sdk=iphoneos*]" = "iPhone Developer";
				COPY_PHASE_STRIP = NO;
				DEBUG_INFORMATION_FORMAT = dwarf;
				ENABLE_STRICT_OBJC_MSGSEND = YES;
				ENABLE_TESTABILITY = YES;
				GCC_C_LANGUAGE_STANDARD = gnu99;
				GCC_DYNAMIC_NO_PIC = NO;
				GCC_NO_COMMON_BLOCKS = YES;
				GCC_OPTIMIZATION_LEVEL = 0;
				GCC_PREPROCESSOR_DEFINITIONS = (
					"DEBUG=1",
					"$(inherited)",
				);
				GCC_WARN_64_TO_32_BIT_CONVERSION = YES;
				GCC_WARN_ABOUT_RETURN_TYPE = YES_ERROR;
				GCC_WARN_UNDECLARED_SELECTOR = YES;
				GCC_WARN_UNINITIALIZED_AUTOS = YES_AGGRESSIVE;
				GCC_WARN_UNUSED_FUNCTION = YES;
				GCC_WARN_UNUSED_VARIABLE = YES;
				IPHONEOS_DEPLOYMENT_TARGET = 10.0;
				MTL_ENABLE_DEBUG_INFO = YES;
				ONLY_ACTIVE_ARCH = YES;
				SDKROOT = iphoneos;
				SWIFT_ACTIVE_COMPILATION_CONDITIONS = DEBUG;
				SWIFT_OPTIMIZATION_LEVEL = "-Onone";
				TARGETED_DEVICE_FAMILY = "1,2";
			};
			name = Debug;
		};
		154855871DAEB305003807DF /* Release */ = {
			isa = XCBuildConfiguration;
			buildSettings = {
				ALWAYS_SEARCH_USER_PATHS = NO;
				CLANG_ANALYZER_NONNULL = YES;
				CLANG_CXX_LANGUAGE_STANDARD = "gnu++0x";
				CLANG_CXX_LIBRARY = "libc++";
				CLANG_ENABLE_MODULES = YES;
				CLANG_ENABLE_OBJC_ARC = YES;
				CLANG_WARN_BOOL_CONVERSION = YES;
				CLANG_WARN_CONSTANT_CONVERSION = YES;
				CLANG_WARN_DIRECT_OBJC_ISA_USAGE = YES_ERROR;
				CLANG_WARN_DOCUMENTATION_COMMENTS = YES;
				CLANG_WARN_EMPTY_BODY = YES;
				CLANG_WARN_ENUM_CONVERSION = YES;
				CLANG_WARN_INFINITE_RECURSION = YES;
				CLANG_WARN_INT_CONVERSION = YES;
				CLANG_WARN_OBJC_ROOT_CLASS = YES_ERROR;
				CLANG_WARN_SUSPICIOUS_MOVES = YES;
				CLANG_WARN_UNREACHABLE_CODE = YES;
				CLANG_WARN__DUPLICATE_METHOD_MATCH = YES;
				"CODE_SIGN_IDENTITY[sdk=iphoneos*]" = "iPhone Developer";
				COPY_PHASE_STRIP = NO;
				DEBUG_INFORMATION_FORMAT = "dwarf-with-dsym";
				ENABLE_NS_ASSERTIONS = NO;
				ENABLE_STRICT_OBJC_MSGSEND = YES;
				GCC_C_LANGUAGE_STANDARD = gnu99;
				GCC_NO_COMMON_BLOCKS = YES;
				GCC_WARN_64_TO_32_BIT_CONVERSION = YES;
				GCC_WARN_ABOUT_RETURN_TYPE = YES_ERROR;
				GCC_WARN_UNDECLARED_SELECTOR = YES;
				GCC_WARN_UNINITIALIZED_AUTOS = YES_AGGRESSIVE;
				GCC_WARN_UNUSED_FUNCTION = YES;
				GCC_WARN_UNUSED_VARIABLE = YES;
				IPHONEOS_DEPLOYMENT_TARGET = 10.0;
				MTL_ENABLE_DEBUG_INFO = NO;
				SDKROOT = iphoneos;
				SWIFT_OPTIMIZATION_LEVEL = "-Owholemodule";
				TARGETED_DEVICE_FAMILY = "1,2";
				VALIDATE_PRODUCT = YES;
			};
			name = Release;
		};
		154855891DAEB305003807DF /* Debug */ = {
			isa = XCBuildConfiguration;
			baseConfigurationReference = A67E065C028682F08C3BCC6D /* Pods-QuotePro.debug.xcconfig */;
			buildSettings = {
				ASSETCATALOG_COMPILER_APPICON_NAME = AppIcon;
				DEVELOPMENT_TEAM = B9P6859THW;
				INFOPLIST_FILE = QuotePro/Info.plist;
				LD_RUNPATH_SEARCH_PATHS = "$(inherited) @executable_path/Frameworks";
				PRODUCT_BUNDLE_IDENTIFIER = com.Philip.QuotePro;
				PRODUCT_NAME = "$(TARGET_NAME)";
				SWIFT_VERSION = 3.0;
			};
			name = Debug;
		};
		1548558A1DAEB305003807DF /* Release */ = {
			isa = XCBuildConfiguration;
			baseConfigurationReference = 31353A712EC5CDFF0C424EE0 /* Pods-QuotePro.release.xcconfig */;
			buildSettings = {
				ASSETCATALOG_COMPILER_APPICON_NAME = AppIcon;
				DEVELOPMENT_TEAM = B9P6859THW;
				INFOPLIST_FILE = QuotePro/Info.plist;
				LD_RUNPATH_SEARCH_PATHS = "$(inherited) @executable_path/Frameworks";
				PRODUCT_BUNDLE_IDENTIFIER = com.Philip.QuotePro;
				PRODUCT_NAME = "$(TARGET_NAME)";
				SWIFT_VERSION = 3.0;
			};
			name = Release;
		};
/* End XCBuildConfiguration section */

/* Begin XCConfigurationList section */
		154855711DAEB305003807DF /* Build configuration list for PBXProject "QuotePro" */ = {
			isa = XCConfigurationList;
			buildConfigurations = (
				154855861DAEB305003807DF /* Debug */,
				154855871DAEB305003807DF /* Release */,
			);
			defaultConfigurationIsVisible = 0;
			defaultConfigurationName = Release;
		};
		154855881DAEB305003807DF /* Build configuration list for PBXNativeTarget "QuotePro" */ = {
			isa = XCConfigurationList;
			buildConfigurations = (
				154855891DAEB305003807DF /* Debug */,
				1548558A1DAEB305003807DF /* Release */,
			);
			defaultConfigurationIsVisible = 0;
			defaultConfigurationName = Release;
		};
/* End XCConfigurationList section */
	};
	rootObject = 1548556E1DAEB305003807DF /* Project object */;
}
